
Microsoft Visual Studio Solution File, Format Version 12.00
# Visual Studio Version 17
VisualStudioVersion = 17.3.32819.101
MinimumVisualStudioVersion = 10.0.40219.1
Project("{FAE04EC0-301F-11D3-BF4B-00C04F79EFBC}") = "Group17_FruitStoreApp", "Group17_FruitStoreApp\Group17_FruitStoreApp.csproj", "{BCBA637E-CB3E-4067-88D8-269AEF4DFDB4}"
EndProject
Global
	GlobalSection(SolutionConfigurationPlatforms) = preSolution
		Debug|Any CPU = Debug|Any CPU
		Release|Any CPU = Release|Any CPU
	EndGlobalSection
	GlobalSection(ProjectConfigurationPlatforms) = postSolution
		{BCBA637E-CB3E-4067-88D8-269AEF4DFDB4}.Debug|Any CPU.ActiveCfg = Debug|Any CPU
		{BCBA637E-CB3E-4067-88D8-269AEF4DFDB4}.Debug|Any CPU.Build.0 = Debug|Any CPU
		{BCBA637E-CB3E-4067-88D8-269AEF4DFDB4}.Release|Any CPU.ActiveCfg = Release|Any CPU
		{BCBA637E-CB3E-4067-88D8-269AEF4DFDB4}.Release|Any CPU.Build.0 = Release|Any CPU
	EndGlobalSection
	GlobalSection(SolutionProperties) = preSolution
		HideSolutionNode = FALSE
	EndGlobalSection
	GlobalSection(ExtensibilityGlobals) = postSolution
		SolutionGuid = {8B7F6887-7D0C-42B1-8EB0-FC613ED68959}
	EndGlobalSection
EndGlobal
